
Microsoft Visual Studio Solution File, Format Version 12.00
# Visual Studio 15
VisualStudioVersion = 15.0.28010.2003
MinimumVisualStudioVersion = 10.0.40219.1
Project("{9A19103F-16F7-4668-BE54-9A1E7A4F7556}") = "APPBASE", "APPBASE\APPBASE.csproj", "{93116C62-604D-4FEC-9F5F-ADF0BBFE4148}"
EndProject
Project("{FAE04EC0-301F-11D3-BF4B-00C04F79EFBC}") = "APPBASE.Tests", "APPBASE.Tests\APPBASE.Tests.csproj", "{983E6D5B-9EF2-44A8-8E89-646A2B2D503E}"
EndProject
Project("{FAE04EC0-301F-11D3-BF4B-00C04F79EFBC}") = "APPBASE.Tests.Debug", "APPBASE.Tests.Debug\APPBASE.Tests.Debug.csproj", "{8A2E0529-80C6-402D-A5B1-B2DBAFAB5A56}"
EndProject
Global
	GlobalSection(SolutionConfigurationPlatforms) = preSolution
		Debug|Any CPU = Debug|Any CPU
		Release|Any CPU = Release|Any CPU
	EndGlobalSection
	GlobalSection(ProjectConfigurationPlatforms) = postSolution
		{93116C62-604D-4FEC-9F5F-ADF0BBFE4148}.Debug|Any CPU.ActiveCfg = Debug|Any CPU
		{93116C62-604D-4FEC-9F5F-ADF0BBFE4148}.Debug|Any CPU.Build.0 = Debug|Any CPU
		{93116C62-604D-4FEC-9F5F-ADF0BBFE4148}.Release|Any CPU.ActiveCfg = Release|Any CPU
		{93116C62-604D-4FEC-9F5F-ADF0BBFE4148}.Release|Any CPU.Build.0 = Release|Any CPU
		{983E6D5B-9EF2-44A8-8E89-646A2B2D503E}.Debug|Any CPU.ActiveCfg = Debug|Any CPU
		{983E6D5B-9EF2-44A8-8E89-646A2B2D503E}.Debug|Any CPU.Build.0 = Debug|Any CPU
		{983E6D5B-9EF2-44A8-8E89-646A2B2D503E}.Release|Any CPU.ActiveCfg = Release|Any CPU
		{983E6D5B-9EF2-44A8-8E89-646A2B2D503E}.Release|Any CPU.Build.0 = Release|Any CPU
		{8A2E0529-80C6-402D-A5B1-B2DBAFAB5A56}.Debug|Any CPU.ActiveCfg = Debug|Any CPU
		{8A2E0529-80C6-402D-A5B1-B2DBAFAB5A56}.Debug|Any CPU.Build.0 = Debug|Any CPU
		{8A2E0529-80C6-402D-A5B1-B2DBAFAB5A56}.Release|Any CPU.ActiveCfg = Release|Any CPU
		{8A2E0529-80C6-402D-A5B1-B2DBAFAB5A56}.Release|Any CPU.Build.0 = Release|Any CPU
	EndGlobalSection
	GlobalSection(SolutionProperties) = preSolution
		HideSolutionNode = FALSE
	EndGlobalSection
	GlobalSection(ExtensibilityGlobals) = postSolution
		SolutionGuid = {BAF23C7E-2566-4FB2-A5E8-90355BBF0F36}
	EndGlobalSection
EndGlobal
